{
  "version": 4,
  "terraform_version": "0.15.0",
  "serial": 29,
  "lineage": "d8ac8c07-df71-dcae-38c4-81b4e697995f",
  "outputs": {},
  "resources": [
    {
      "mode": "data",
      "type": "archive_file",
      "name": "my_lambda_function_zip",
      "provider": "provider[\"registry.terraform.io/hashicorp/archive\"]",
      "instances": [
        {
          "schema_version": 0,
          "attributes": {
            "excludes": null,
            "id": "8ed164570cd3d583ca9c0755448d01963986edb7",
            "output_base64sha256": "0iqV0vSm55noy4um8grhsOI4YKztq5KI7ZW+CWxt/lk=",
            "output_file_mode": null,
            "output_md5": "570ecefa637ca9651c6dcd3771632f02",
            "output_path": "function.zip",
            "output_sha": "8ed164570cd3d583ca9c0755448d01963986edb7",
            "output_size": 1390,
            "source": [],
            "source_content": null,
            "source_content_filename": null,
            "source_dir": "./dist",
            "source_file": null,
            "type": "zip"
          },
          "sensitive_attributes": []
        }
      ]
    },
    {
      "mode": "managed",
      "type": "aws_dynamodb_table",
      "name": "ddbtable",
      "provider": "provider[\"registry.terraform.io/hashicorp/aws\"]",
      "instances": [
        {
          "schema_version": 1,
          "attributes": {
            "arn": "arn:aws:dynamodb:us-east-1:482143490269:table/mattsTestDB",
            "attribute": [
              {
                "name": "id",
                "type": "S"
              }
            ],
            "billing_mode": "PROVISIONED",
            "global_secondary_index": [],
            "hash_key": "id",
            "id": "mattsTestDB",
            "local_secondary_index": [],
            "name": "mattsTestDB",
            "point_in_time_recovery": [
              {
                "enabled": false
              }
            ],
            "range_key": null,
            "read_capacity": 5,
            "replica": [],
            "server_side_encryption": [],
            "stream_arn": "",
            "stream_enabled": false,
            "stream_label": "",
            "stream_view_type": "",
            "tags": {},
            "timeouts": null,
            "ttl": [
              {
                "attribute_name": "",
                "enabled": false
              }
            ],
            "write_capacity": 5
          },
          "sensitive_attributes": [],
          "private": "eyJlMmJmYjczMC1lY2FhLTExZTYtOGY4OC0zNDM2M2JjN2M0YzAiOnsiY3JlYXRlIjoxMjAwMDAwMDAwMDAwLCJkZWxldGUiOjYwMDAwMDAwMDAwMCwidXBkYXRlIjozNjAwMDAwMDAwMDAwfSwic2NoZW1hX3ZlcnNpb24iOiIxIn0="
        }
      ]
    },
    {
      "mode": "managed",
      "type": "aws_iam_role",
      "name": "role_for_LDC",
      "provider": "provider[\"registry.terraform.io/hashicorp/aws\"]",
      "instances": [
        {
          "schema_version": 0,
          "attributes": {
            "arn": "arn:aws:iam::482143490269:role/mattsTestRole",
            "assume_role_policy": "{\"Version\":\"2012-10-17\",\"Statement\":[{\"Sid\":\"\",\"Effect\":\"Allow\",\"Principal\":{\"Service\":\"lambda.amazonaws.com\"},\"Action\":\"sts:AssumeRole\"}]}",
            "create_date": "2021-04-26T16:15:51Z",
            "description": "",
            "force_detach_policies": false,
            "id": "mattsTestRole",
            "inline_policy": [
              {
                "name": "matts_test_policy",
                "policy": "{\n  \"Version\": \"2012-10-17\",\n  \"Statement\": [\n    {\n      \"Effect\": \"Allow\",\n      \"Action\": [\n        \"dynamodb:BatchGetItem\",\n        \"dynamodb:GetItem\",\n        \"dynamodb:Query\",\n        \"dynamodb:Scan\",\n        \"dynamodb:BatchWriteItem\",\n        \"dynamodb:PutItem\",\n        \"dynamodb:UpdateItem\"\n      ],\n      \"Resource\": \"arn:aws:dynamodb:us-east-1:482143490269:table/mattsTestDB\"\n    }\n  ]\n}\n"
              }
            ],
            "managed_policy_arns": [],
            "max_session_duration": 3600,
            "name": "mattsTestRole",
            "name_prefix": null,
            "path": "/",
            "permissions_boundary": null,
            "tags": {},
            "unique_id": "AROAXAQP52DOXYH6BFH2R"
          },
          "sensitive_attributes": [],
          "private": "bnVsbA=="
        }
      ]
    },
    {
      "mode": "managed",
      "type": "aws_iam_role_policy",
      "name": "lambda_policy",
      "provider": "provider[\"registry.terraform.io/hashicorp/aws\"]",
      "instances": [
        {
          "schema_version": 0,
          "attributes": {
            "id": "mattsTestRole:matts_test_policy",
            "name": "matts_test_policy",
            "name_prefix": null,
            "policy": "{\n  \"Version\": \"2012-10-17\",\n  \"Statement\": [\n    {\n      \"Effect\": \"Allow\",\n      \"Action\": [\n        \"dynamodb:BatchGetItem\",\n        \"dynamodb:GetItem\",\n        \"dynamodb:Query\",\n        \"dynamodb:Scan\",\n        \"dynamodb:BatchWriteItem\",\n        \"dynamodb:PutItem\",\n        \"dynamodb:UpdateItem\"\n      ],\n      \"Resource\": \"arn:aws:dynamodb:us-east-1:482143490269:table/mattsTestDB\"\n    }\n  ]\n}\n",
            "role": "mattsTestRole"
          },
          "sensitive_attributes": [],
          "private": "bnVsbA==",
          "dependencies": [
            "aws_iam_role.role_for_LDC"
          ]
        }
      ]
    },
    {
      "mode": "managed",
      "type": "aws_lambda_function",
      "name": "func",
      "provider": "provider[\"registry.terraform.io/hashicorp/aws\"]",
      "instances": [
        {
          "schema_version": 0,
          "attributes": {
            "arn": "arn:aws:lambda:us-east-1:482143490269:function:matts-sandbox",
            "code_signing_config_arn": "",
            "dead_letter_config": [],
            "description": "",
            "environment": [],
            "file_system_config": [],
            "filename": "function.zip",
            "function_name": "matts-sandbox",
            "handler": "index.handler",
            "id": "matts-sandbox",
            "image_config": [],
            "image_uri": "",
            "invoke_arn": "arn:aws:apigateway:us-east-1:lambda:path/2015-03-31/functions/arn:aws:lambda:us-east-1:482143490269:function:matts-sandbox/invocations",
            "kms_key_arn": "",
            "last_modified": "2021-06-25T17:37:46.370+0000",
            "layers": [],
            "memory_size": 128,
            "package_type": "Zip",
            "publish": false,
            "qualified_arn": "arn:aws:lambda:us-east-1:482143490269:function:matts-sandbox:$LATEST",
            "reserved_concurrent_executions": -1,
            "role": "arn:aws:iam::482143490269:role/mattsTestRole",
            "runtime": "nodejs12.x",
            "s3_bucket": "",
            "s3_key": "",
            "s3_object_version": null,
            "signing_job_arn": "",
            "signing_profile_version_arn": "",
            "source_code_hash": "0iqV0vSm55noy4um8grhsOI4YKztq5KI7ZW+CWxt/lk=",
            "source_code_size": 1390,
            "tags": {},
            "timeout": 3,
            "timeouts": null,
            "tracing_config": [
              {
                "mode": "PassThrough"
              }
            ],
            "version": "$LATEST",
            "vpc_config": []
          },
          "sensitive_attributes": [],
          "private": "eyJlMmJmYjczMC1lY2FhLTExZTYtOGY4OC0zNDM2M2JjN2M0YzAiOnsiY3JlYXRlIjo2MDAwMDAwMDAwMDB9fQ==",
          "dependencies": [
            "aws_iam_role.role_for_LDC",
            "data.archive_file.my_lambda_function_zip"
          ]
        }
      ]
    }
  ]
}
